
Microsoft Visual Studio Solution File, Format Version 12.00
# Visual Studio 2013
VisualStudioVersion = 12.0.31101.0
MinimumVisualStudioVersion = 10.0.40219.1
Project("{FAE04EC0-301F-11D3-BF4B-00C04F79EFBC}") = "LINQBookHubDAL", "LINQBookHubDAL\LINQBookHubDAL.csproj", "{D5D6A0A1-5124-4DAA-B3BA-480BCBF87E17}"
EndProject
Project("{FAE04EC0-301F-11D3-BF4B-00C04F79EFBC}") = "LINQBookHubEntities", "LINQBookHubEntities\LINQBookHubEntities.csproj", "{780DA726-638D-496B-A5EB-C566276B7E71}"
EndProject
Project("{FAE04EC0-301F-11D3-BF4B-00C04F79EFBC}") = "LINQBookHubLogic", "LINQBookHubLogic\LINQBookHubLogic.csproj", "{2F359CD4-7BE0-4C96-8C1E-BE9E61947021}"
EndProject
Project("{FAE04EC0-301F-11D3-BF4B-00C04F79EFBC}") = "LINQBookHubService", "LINQBookHubService\LINQBookHubService.csproj", "{CC18A3F9-B2C7-4A7A-99AB-C4F1B0A826DC}"
EndProject
Project("{FAE04EC0-301F-11D3-BF4B-00C04F79EFBC}") = "LINQBookHubClient", "LINQBookHubClient\LINQBookHubClient.csproj", "{5B970E08-39B9-4605-89A8-C94D08EDDC0F}"
	ProjectSection(ProjectDependencies) = postProject
		{CC18A3F9-B2C7-4A7A-99AB-C4F1B0A826DC} = {CC18A3F9-B2C7-4A7A-99AB-C4F1B0A826DC}
	EndProjectSection
EndProject
Global
	GlobalSection(SolutionConfigurationPlatforms) = preSolution
		Debug|Any CPU = Debug|Any CPU
		Release|Any CPU = Release|Any CPU
	EndGlobalSection
	GlobalSection(ProjectConfigurationPlatforms) = postSolution
		{D5D6A0A1-5124-4DAA-B3BA-480BCBF87E17}.Debug|Any CPU.ActiveCfg = Debug|Any CPU
		{D5D6A0A1-5124-4DAA-B3BA-480BCBF87E17}.Debug|Any CPU.Build.0 = Debug|Any CPU
		{D5D6A0A1-5124-4DAA-B3BA-480BCBF87E17}.Release|Any CPU.ActiveCfg = Release|Any CPU
		{D5D6A0A1-5124-4DAA-B3BA-480BCBF87E17}.Release|Any CPU.Build.0 = Release|Any CPU
		{780DA726-638D-496B-A5EB-C566276B7E71}.Debug|Any CPU.ActiveCfg = Debug|Any CPU
		{780DA726-638D-496B-A5EB-C566276B7E71}.Debug|Any CPU.Build.0 = Debug|Any CPU
		{780DA726-638D-496B-A5EB-C566276B7E71}.Release|Any CPU.ActiveCfg = Release|Any CPU
		{780DA726-638D-496B-A5EB-C566276B7E71}.Release|Any CPU.Build.0 = Release|Any CPU
		{2F359CD4-7BE0-4C96-8C1E-BE9E61947021}.Debug|Any CPU.ActiveCfg = Debug|Any CPU
		{2F359CD4-7BE0-4C96-8C1E-BE9E61947021}.Debug|Any CPU.Build.0 = Debug|Any CPU
		{2F359CD4-7BE0-4C96-8C1E-BE9E61947021}.Release|Any CPU.ActiveCfg = Release|Any CPU
		{2F359CD4-7BE0-4C96-8C1E-BE9E61947021}.Release|Any CPU.Build.0 = Release|Any CPU
		{CC18A3F9-B2C7-4A7A-99AB-C4F1B0A826DC}.Debug|Any CPU.ActiveCfg = Debug|Any CPU
		{CC18A3F9-B2C7-4A7A-99AB-C4F1B0A826DC}.Debug|Any CPU.Build.0 = Debug|Any CPU
		{CC18A3F9-B2C7-4A7A-99AB-C4F1B0A826DC}.Release|Any CPU.ActiveCfg = Release|Any CPU
		{CC18A3F9-B2C7-4A7A-99AB-C4F1B0A826DC}.Release|Any CPU.Build.0 = Release|Any CPU
		{5B970E08-39B9-4605-89A8-C94D08EDDC0F}.Debug|Any CPU.ActiveCfg = Debug|Any CPU
		{5B970E08-39B9-4605-89A8-C94D08EDDC0F}.Debug|Any CPU.Build.0 = Debug|Any CPU
		{5B970E08-39B9-4605-89A8-C94D08EDDC0F}.Release|Any CPU.ActiveCfg = Release|Any CPU
		{5B970E08-39B9-4605-89A8-C94D08EDDC0F}.Release|Any CPU.Build.0 = Release|Any CPU
	EndGlobalSection
	GlobalSection(SolutionProperties) = preSolution
		HideSolutionNode = FALSE
	EndGlobalSection
EndGlobal
